
Microsoft Visual Studio Solution File, Format Version 12.00
# Visual Studio Version 17
VisualStudioVersion = 17.4.33213.308
MinimumVisualStudioVersion = 10.0.40219.1
Project("{FAE04EC0-301F-11D3-BF4B-00C04F79EFBC}") = "Formula de Bhaskara", "Formula de Bhaskara\Formula de Bhaskara.csproj", "{9ED986ED-9087-49E0-98C9-C7D8D2B93368}"
EndProject
Global
	GlobalSection(SolutionConfigurationPlatforms) = preSolution
		Debug|Any CPU = Debug|Any CPU
		Release|Any CPU = Release|Any CPU
	EndGlobalSection
	GlobalSection(ProjectConfigurationPlatforms) = postSolution
		{9ED986ED-9087-49E0-98C9-C7D8D2B93368}.Debug|Any CPU.ActiveCfg = Debug|Any CPU
		{9ED986ED-9087-49E0-98C9-C7D8D2B93368}.Debug|Any CPU.Build.0 = Debug|Any CPU
		{9ED986ED-9087-49E0-98C9-C7D8D2B93368}.Release|Any CPU.ActiveCfg = Release|Any CPU
		{9ED986ED-9087-49E0-98C9-C7D8D2B93368}.Release|Any CPU.Build.0 = Release|Any CPU
	EndGlobalSection
	GlobalSection(SolutionProperties) = preSolution
		HideSolutionNode = FALSE
	EndGlobalSection
	GlobalSection(ExtensibilityGlobals) = postSolution
		SolutionGuid = {EDF0ACC1-FA4F-4500-9DB1-DF36476FFE37}
	EndGlobalSection
EndGlobal
